
Microsoft Visual Studio Solution File, Format Version 12.00
# Visual Studio Version 17
VisualStudioVersion = 17.4.33122.133
MinimumVisualStudioVersion = 10.0.40219.1
Project("{FAE04EC0-301F-11D3-BF4B-00C04F79EFBC}") = "SweetWeeding", "SweetWeeding.csproj", "{B51480DB-E8E7-4381-9B43-53EE233F8044}"
EndProject
Global
	GlobalSection(SolutionConfigurationPlatforms) = preSolution
		Debug|Any CPU = Debug|Any CPU
		Release|Any CPU = Release|Any CPU
	EndGlobalSection
	GlobalSection(ProjectConfigurationPlatforms) = postSolution
		{B51480DB-E8E7-4381-9B43-53EE233F8044}.Debug|Any CPU.ActiveCfg = Debug|Any CPU
		{B51480DB-E8E7-4381-9B43-53EE233F8044}.Debug|Any CPU.Build.0 = Debug|Any CPU
		{B51480DB-E8E7-4381-9B43-53EE233F8044}.Release|Any CPU.ActiveCfg = Release|Any CPU
		{B51480DB-E8E7-4381-9B43-53EE233F8044}.Release|Any CPU.Build.0 = Release|Any CPU
	EndGlobalSection
	GlobalSection(SolutionProperties) = preSolution
		HideSolutionNode = FALSE
	EndGlobalSection
	GlobalSection(ExtensibilityGlobals) = postSolution
		SolutionGuid = {2D6E6404-A1B7-4DDF-A13F-B98D46F2ED3E}
	EndGlobalSection
EndGlobal
